
Microsoft Visual Studio Solution File, Format Version 12.00
# Visual Studio Version 16
VisualStudioVersion = 16.0.30503.244
MinimumVisualStudioVersion = 10.0.40219.1
Project("{FAE04EC0-301F-11D3-BF4B-00C04F79EFBC}") = "1082007_HW2_2", "1082007_HW2_2\1082007_HW2_2.csproj", "{F8284BCD-075B-442B-93B3-C817A79E522A}"
EndProject
Global
	GlobalSection(SolutionConfigurationPlatforms) = preSolution
		Debug|Any CPU = Debug|Any CPU
		Release|Any CPU = Release|Any CPU
	EndGlobalSection
	GlobalSection(ProjectConfigurationPlatforms) = postSolution
		{F8284BCD-075B-442B-93B3-C817A79E522A}.Debug|Any CPU.ActiveCfg = Debug|Any CPU
		{F8284BCD-075B-442B-93B3-C817A79E522A}.Debug|Any CPU.Build.0 = Debug|Any CPU
		{F8284BCD-075B-442B-93B3-C817A79E522A}.Release|Any CPU.ActiveCfg = Release|Any CPU
		{F8284BCD-075B-442B-93B3-C817A79E522A}.Release|Any CPU.Build.0 = Release|Any CPU
	EndGlobalSection
	GlobalSection(SolutionProperties) = preSolution
		HideSolutionNode = FALSE
	EndGlobalSection
	GlobalSection(ExtensibilityGlobals) = postSolution
		SolutionGuid = {F0EB00FC-44D5-4A3B-BAFF-EF6ABDE9C93D}
	EndGlobalSection
EndGlobal
