
Microsoft Visual Studio Solution File, Format Version 12.00
# Visual Studio 15
VisualStudioVersion = 15.0.28307.1259
MinimumVisualStudioVersion = 10.0.40219.1
Project("{FAE04EC0-301F-11D3-BF4B-00C04F79EFBC}") = "1082007_HW2", "1082007_HW2\1082007_HW2.csproj", "{7DA4797D-5805-4602-A5FB-500781F36554}"
EndProject
Global
	GlobalSection(SolutionConfigurationPlatforms) = preSolution
		Debug|Any CPU = Debug|Any CPU
		Release|Any CPU = Release|Any CPU
	EndGlobalSection
	GlobalSection(ProjectConfigurationPlatforms) = postSolution
		{7DA4797D-5805-4602-A5FB-500781F36554}.Debug|Any CPU.ActiveCfg = Debug|Any CPU
		{7DA4797D-5805-4602-A5FB-500781F36554}.Debug|Any CPU.Build.0 = Debug|Any CPU
		{7DA4797D-5805-4602-A5FB-500781F36554}.Release|Any CPU.ActiveCfg = Release|Any CPU
		{7DA4797D-5805-4602-A5FB-500781F36554}.Release|Any CPU.Build.0 = Release|Any CPU
	EndGlobalSection
	GlobalSection(SolutionProperties) = preSolution
		HideSolutionNode = FALSE
	EndGlobalSection
	GlobalSection(ExtensibilityGlobals) = postSolution
		SolutionGuid = {FFBB189E-0601-4872-B92C-B2A681FA4422}
	EndGlobalSection
EndGlobal
