
Microsoft Visual Studio Solution File, Format Version 12.00
# Visual Studio Version 16
VisualStudioVersion = 16.0.30503.244
MinimumVisualStudioVersion = 10.0.40219.1
Project("{FAE04EC0-301F-11D3-BF4B-00C04F79EFBC}") = "1082007_HW1_3", "1082007_HW1_3\1082007_HW1_3.csproj", "{6F4AD58F-3836-4853-936F-8B967AC307D8}"
EndProject
Global
	GlobalSection(SolutionConfigurationPlatforms) = preSolution
		Debug|Any CPU = Debug|Any CPU
		Release|Any CPU = Release|Any CPU
	EndGlobalSection
	GlobalSection(ProjectConfigurationPlatforms) = postSolution
		{6F4AD58F-3836-4853-936F-8B967AC307D8}.Debug|Any CPU.ActiveCfg = Debug|Any CPU
		{6F4AD58F-3836-4853-936F-8B967AC307D8}.Debug|Any CPU.Build.0 = Debug|Any CPU
		{6F4AD58F-3836-4853-936F-8B967AC307D8}.Release|Any CPU.ActiveCfg = Release|Any CPU
		{6F4AD58F-3836-4853-936F-8B967AC307D8}.Release|Any CPU.Build.0 = Release|Any CPU
	EndGlobalSection
	GlobalSection(SolutionProperties) = preSolution
		HideSolutionNode = FALSE
	EndGlobalSection
	GlobalSection(ExtensibilityGlobals) = postSolution
		SolutionGuid = {4F6359BD-32E6-4D5C-9C1E-AF961F268A40}
	EndGlobalSection
EndGlobal
