
Microsoft Visual Studio Solution File, Format Version 12.00
# Visual Studio 15
VisualStudioVersion = 15.0.28307.1259
MinimumVisualStudioVersion = 10.0.40219.1
Project("{FAE04EC0-301F-11D3-BF4B-00C04F79EFBC}") = "1082007_finalproject", "1082007_finalproject\1082007_finalproject.csproj", "{A5BB0FC9-15F7-473D-B967-B292BB9EABB9}"
EndProject
Global
	GlobalSection(SolutionConfigurationPlatforms) = preSolution
		Debug|Any CPU = Debug|Any CPU
		Release|Any CPU = Release|Any CPU
	EndGlobalSection
	GlobalSection(ProjectConfigurationPlatforms) = postSolution
		{A5BB0FC9-15F7-473D-B967-B292BB9EABB9}.Debug|Any CPU.ActiveCfg = Debug|Any CPU
		{A5BB0FC9-15F7-473D-B967-B292BB9EABB9}.Debug|Any CPU.Build.0 = Debug|Any CPU
		{A5BB0FC9-15F7-473D-B967-B292BB9EABB9}.Release|Any CPU.ActiveCfg = Release|Any CPU
		{A5BB0FC9-15F7-473D-B967-B292BB9EABB9}.Release|Any CPU.Build.0 = Release|Any CPU
	EndGlobalSection
	GlobalSection(SolutionProperties) = preSolution
		HideSolutionNode = FALSE
	EndGlobalSection
	GlobalSection(ExtensibilityGlobals) = postSolution
		SolutionGuid = {0677925F-810B-410B-9E33-090CA1BBD654}
	EndGlobalSection
EndGlobal
